// !$*UTF8*$!
{
	archiveVersion = 1;
	classes = {
	};
	objectVersion = 55;
	objects = {

/* Begin PBXBuildFile section */
		6C7C8D9828161AA60091E09F /* NormalizedCountryNames.plist in Resources */ = {isa = PBXBuildFile; fileRef = 6C7C8D9728161AA60091E09F /* NormalizedCountryNames.plist */; };
		6C7C8D9B2817BFE60091E09F /* OrderedCollections in Frameworks */ = {isa = PBXBuildFile; productRef = 6C7C8D9A2817BFE60091E09F /* OrderedCollections */; };
		6C7C8D9E2817C1330091E09F /* MapGuessModelTests.swift in Sources */ = {isa = PBXBuildFile; fileRef = 6C7C8D9D2817C1330091E09F /* MapGuessModelTests.swift */; };
		6C7F4D9C2814F52000F90FDE /* State.swift in Sources */ = {isa = PBXBuildFile; fileRef = 6C7F4D9B2814F52000F90FDE /* State.swift */; };
		6C7F4D9E2815054000F90FDE /* StateAbbreviations.plist in Resources */ = {isa = PBXBuildFile; fileRef = 6C7F4D9D2815054000F90FDE /* StateAbbreviations.plist */; };
		6C7F4DA0281515DC00F90FDE /* GuessMode.swift in Sources */ = {isa = PBXBuildFile; fileRef = 6C7F4D9F281515DC00F90FDE /* GuessMode.swift */; };
		6C7F4DA22815160D00F90FDE /* MapGuessModel.swift in Sources */ = {isa = PBXBuildFile; fileRef = 6C7F4DA12815160D00F90FDE /* MapGuessModel.swift */; };
		6C82DBD527F533D80084159F /* ArraySlice+Extension.swift in Sources */ = {isa = PBXBuildFile; fileRef = 6C82DBD427F533D80084159F /* ArraySlice+Extension.swift */; };
		6C82DBD727F5380D0084159F /* CLLocationCoordinate2D+Extension.swift in Sources */ = {isa = PBXBuildFile; fileRef = 6C82DBD627F5380D0084159F /* CLLocationCoordinate2D+Extension.swift */; };
		6C82DBD927F53A310084159F /* Bool+Extension.swift in Sources */ = {isa = PBXBuildFile; fileRef = 6C82DBD827F53A310084159F /* Bool+Extension.swift */; };
		6C82DBDB27F53B140084159F /* GameFinishRequestBody.swift in Sources */ = {isa = PBXBuildFile; fileRef = 6C82DBDA27F53B140084159F /* GameFinishRequestBody.swift */; };
		6C82DBDF27F569800084159F /* MKCoordinateSpan+Extension.swift in Sources */ = {isa = PBXBuildFile; fileRef = 6C82DBDE27F569800084159F /* MKCoordinateSpan+Extension.swift */; };
		6C82DBE127F569F80084159F /* MKCoordinateRegion+Extension.swift in Sources */ = {isa = PBXBuildFile; fileRef = 6C82DBE027F569F80084159F /* MKCoordinateRegion+Extension.swift */; };
		6C96D17F28111A6A008E9550 /* CGRect+Extension.swift in Sources */ = {isa = PBXBuildFile; fileRef = 6C96D17E28111A69008E9550 /* CGRect+Extension.swift */; };
		6C96D18128111AC4008E9550 /* CGSize+Extension.swift in Sources */ = {isa = PBXBuildFile; fileRef = 6C96D18028111AC4008E9550 /* CGSize+Extension.swift */; };
		6C9C23E7281B3A2F00376D6D /* ChartCollectionViewCell.swift in Sources */ = {isa = PBXBuildFile; fileRef = 6C9C23E6281B3A2F00376D6D /* ChartCollectionViewCell.swift */; };
		6C9C23EA281B449300376D6D /* CollectionViewHeaderReusableView.swift in Sources */ = {isa = PBXBuildFile; fileRef = 6C9C23E9281B449300376D6D /* CollectionViewHeaderReusableView.swift */; };
		6C9C23ED281B508900376D6D /* CityPopulationRenderer.swift in Sources */ = {isa = PBXBuildFile; fileRef = 6C9C23EC281B508900376D6D /* CityPopulationRenderer.swift */; };
		6C9C23EF281B509E00376D6D /* CityRarityRenderer.swift in Sources */ = {isa = PBXBuildFile; fileRef = 6C9C23EE281B509E00376D6D /* CityRarityRenderer.swift */; };
		6C9C23F12821A9C700376D6D /* NewGameStatsViewController.swift in Sources */ = {isa = PBXBuildFile; fileRef = 6C9C23F02821A9C700376D6D /* NewGameStatsViewController.swift */; };
		6C9C42A528121975006529E9 /* MKZoomableCircleRenderer.swift in Sources */ = {isa = PBXBuildFile; fileRef = 6C9C42A428121975006529E9 /* MKZoomableCircleRenderer.swift */; };
		6C9C42A728121998006529E9 /* MKZoomablePolygonRenderer.swift in Sources */ = {isa = PBXBuildFile; fileRef = 6C9C42A628121998006529E9 /* MKZoomablePolygonRenderer.swift */; };
		6C9C42A9281219AE006529E9 /* MKZoomScale+Extension.swift in Sources */ = {isa = PBXBuildFile; fileRef = 6C9C42A8281219AE006529E9 /* MKZoomScale+Extension.swift */; };
		6C9C42AC281219D0006529E9 /* MapToast.swift in Sources */ = {isa = PBXBuildFile; fileRef = 6C9C42AB281219D0006529E9 /* MapToast.swift */; };
		6C9C42AE28121CCD006529E9 /* MKPolygon+Extension.swift in Sources */ = {isa = PBXBuildFile; fileRef = 6C9C42AD28121CCD006529E9 /* MKPolygon+Extension.swift */; };
		6C9C42B128122229006529E9 /* MKPolygon+Extension_Tests.swift in Sources */ = {isa = PBXBuildFile; fileRef = 6C9C42B028122229006529E9 /* MKPolygon+Extension_Tests.swift */; };
		6C9C42B3281222B6006529E9 /* MKMapPoint+Extension.swift in Sources */ = {isa = PBXBuildFile; fileRef = 6C9C42B2281222B6006529E9 /* MKMapPoint+Extension.swift */; };
		6C9C42B528122999006529E9 /* MKOverlayRenderer+Extension.swift in Sources */ = {isa = PBXBuildFile; fileRef = 6C9C42B428122999006529E9 /* MKOverlayRenderer+Extension.swift */; };
		6C9F60642825AA930035B0FA /* StateCityCountRenderer.swift in Sources */ = {isa = PBXBuildFile; fileRef = 6C9F60632825AA930035B0FA /* StateCityCountRenderer.swift */; };
		6C9F60662825AAB90035B0FA /* StateTotalPopulationRenderer.swift in Sources */ = {isa = PBXBuildFile; fileRef = 6C9F60652825AAB90035B0FA /* StateTotalPopulationRenderer.swift */; };
		6C9F60682825FA640035B0FA /* NSDiffableDataSourceSnapshot+Extension.swift in Sources */ = {isa = PBXBuildFile; fileRef = 6C9F60672825FA640035B0FA /* NSDiffableDataSourceSnapshot+Extension.swift */; };
		6C9F606A282620B50035B0FA /* ItemRenderer.swift in Sources */ = {isa = PBXBuildFile; fileRef = 6C9F6069282620B50035B0FA /* ItemRenderer.swift */; };
		6C9F606D2826212C0035B0FA /* StateInfoViewController.swift in Sources */ = {isa = PBXBuildFile; fileRef = 6C9F606C2826212C0035B0FA /* StateInfoViewController.swift */; };
		6CA6CFE62824476700280348 /* String+Extension.swift in Sources */ = {isa = PBXBuildFile; fileRef = 6CA6CFE52824476700280348 /* String+Extension.swift */; };
		6CA6CFE928244FA500280348 /* UIParameterizedTapGestureRecognizer.swift in Sources */ = {isa = PBXBuildFile; fileRef = 6CA6CFE828244FA500280348 /* UIParameterizedTapGestureRecognizer.swift */; };
		6CAD7FE827F381DF0057A41E /* AppDelegate.swift in Sources */ = {isa = PBXBuildFile; fileRef = 6CAD7FE727F381DF0057A41E /* AppDelegate.swift */; };
		6CAD7FEA27F381DF0057A41E /* SceneDelegate.swift in Sources */ = {isa = PBXBuildFile; fileRef = 6CAD7FE927F381DF0057A41E /* SceneDelegate.swift */; };
		6CAD7FEC27F381DF0057A41E /* MapGuessViewController.swift in Sources */ = {isa = PBXBuildFile; fileRef = 6CAD7FEB27F381DF0057A41E /* MapGuessViewController.swift */; };
		6CAD7FF127F381E10057A41E /* Assets.xcassets in Resources */ = {isa = PBXBuildFile; fileRef = 6CAD7FF027F381E10057A41E /* Assets.xcassets */; };
		6CAD7FF427F381E10057A41E /* LaunchScreen.storyboard in Resources */ = {isa = PBXBuildFile; fileRef = 6CAD7FF227F381E10057A41E /* LaunchScreen.storyboard */; };
		6CAD7FFF27F381E10057A41E /* HowManyCitiesTests.swift in Sources */ = {isa = PBXBuildFile; fileRef = 6CAD7FFE27F381E10057A41E /* HowManyCitiesTests.swift */; };
		6CAD800927F381E10057A41E /* HowManyCitiesUITests.swift in Sources */ = {isa = PBXBuildFile; fileRef = 6CAD800827F381E10057A41E /* HowManyCitiesUITests.swift */; };
		6CAD800B27F381E10057A41E /* HowManyCitiesUITestsLaunchTests.swift in Sources */ = {isa = PBXBuildFile; fileRef = 6CAD800A27F381E10057A41E /* HowManyCitiesUITestsLaunchTests.swift */; };
		6CAD801927F382F10057A41E /* UIView+Extension.swift in Sources */ = {isa = PBXBuildFile; fileRef = 6CAD801827F382F10057A41E /* UIView+Extension.swift */; };
		6CAD801C27F38A660057A41E /* HMCRequestHandler.swift in Sources */ = {isa = PBXBuildFile; fileRef = 6CAD801B27F38A660057A41E /* HMCRequestHandler.swift */; };
		6CAD801F27F38DA70057A41E /* City.swift in Sources */ = {isa = PBXBuildFile; fileRef = 6CAD801E27F38DA70057A41E /* City.swift */; };
		6CAD802127F3A1CE0057A41E /* Int+Extension.swift in Sources */ = {isa = PBXBuildFile; fileRef = 6CAD802027F3A1CE0057A41E /* Int+Extension.swift */; };
		6CAD802327F3AA640057A41E /* MapGuessViewModel.swift in Sources */ = {isa = PBXBuildFile; fileRef = 6CAD802227F3AA640057A41E /* MapGuessViewModel.swift */; };
		6CAD802627F3B7D90057A41E /* GameConfiguration.swift in Sources */ = {isa = PBXBuildFile; fileRef = 6CAD802527F3B7D90057A41E /* GameConfiguration.swift */; };
		6CAD802927F3C1140057A41E /* CityAnnotationView.swift in Sources */ = {isa = PBXBuildFile; fileRef = 6CAD802827F3C1140057A41E /* CityAnnotationView.swift */; };
		6CAD802B27F3CA930057A41E /* MKMapView+Extension.swift in Sources */ = {isa = PBXBuildFile; fileRef = 6CAD802A27F3CA930057A41E /* MKMapView+Extension.swift */; };
		6CAD802D27F3CC810057A41E /* CityAnnotation.swift in Sources */ = {isa = PBXBuildFile; fileRef = 6CAD802C27F3CC810057A41E /* CityAnnotation.swift */; };
		6CAD802F27F3D2C20057A41E /* MapGuessStatsBar.swift in Sources */ = {isa = PBXBuildFile; fileRef = 6CAD802E27F3D2C20057A41E /* MapGuessStatsBar.swift */; };
		6CAD803127F3D6790057A41E /* Double+Extension.swift in Sources */ = {isa = PBXBuildFile; fileRef = 6CAD803027F3D6790057A41E /* Double+Extension.swift */; };
		6CAD803327F41C1A0057A41E /* GameFinishResponse.swift in Sources */ = {isa = PBXBuildFile; fileRef = 6CAD803227F41C1A0057A41E /* GameFinishResponse.swift */; };
		6CBE67F1282884D300558820 /* user-inputted-every-country.json in Resources */ = {isa = PBXBuildFile; fileRef = 6CBE67F0282884D300558820 /* user-inputted-every-country.json */; };
		6CBE67F32828853300558820 /* population-1-or-less.json in Resources */ = {isa = PBXBuildFile; fileRef = 6CBE67F22828853300558820 /* population-1-or-less.json */; };
		6CBE67F5282893C100558820 /* ukraine-montenegro-slovenia.json in Resources */ = {isa = PBXBuildFile; fileRef = 6CBE67F4282893C100558820 /* ukraine-montenegro-slovenia.json */; };
		6CBBD5D62821DA8F002D9FC2 /* CityInfoViewController.swift in Sources */ = {isa = PBXBuildFile; fileRef = 6CBBD5D52821DA8F002D9FC2 /* CityInfoViewController.swift */; };
		6CBBD5D82821EE69002D9FC2 /* FooterButtonCollectionReusableView.swift in Sources */ = {isa = PBXBuildFile; fileRef = 6CBBD5D72821EE69002D9FC2 /* FooterButtonCollectionReusableView.swift */; };
		6CBBD5DA2821F7DB002D9FC2 /* CLLocation+Extension.swift in Sources */ = {isa = PBXBuildFile; fileRef = 6CBBD5D92821F7DB002D9FC2 /* CLLocation+Extension.swift */; };
		6CBBD5DC282309DF002D9FC2 /* Bearing.swift in Sources */ = {isa = PBXBuildFile; fileRef = 6CBBD5DB282309DF002D9FC2 /* Bearing.swift */; };
		6CBBD5DE28230A1B002D9FC2 /* BearingTests.swift in Sources */ = {isa = PBXBuildFile; fileRef = 6CBBD5DD28230A1B002D9FC2 /* BearingTests.swift */; };
		6CBBD5E028238B50002D9FC2 /* FooterTextCollectionReusableView.swift in Sources */ = {isa = PBXBuildFile; fileRef = 6CBBD5DF28238B50002D9FC2 /* FooterTextCollectionReusableView.swift */; };
		6CBBD5E22823A8CD002D9FC2 /* PagingFooterCollectionReusableView.swift in Sources */ = {isa = PBXBuildFile; fileRef = 6CBBD5E12823A8CD002D9FC2 /* PagingFooterCollectionReusableView.swift */; };
		6CBBD5E52823BAE7002D9FC2 /* Vibration.swift in Sources */ = {isa = PBXBuildFile; fileRef = 6CBBD5E42823BAE7002D9FC2 /* Vibration.swift */; };
		6CC3C57C2804AB7C00AE5C50 /* Array+Extension.swift in Sources */ = {isa = PBXBuildFile; fileRef = 6CC3C57B2804AB7C00AE5C50 /* Array+Extension.swift */; };
		6CC3C57E2804E41300AE5C50 /* StatePickerViewController.swift in Sources */ = {isa = PBXBuildFile; fileRef = 6CC3C57D2804E41300AE5C50 /* StatePickerViewController.swift */; };
		6CC3C5802804FB6C00AE5C50 /* NSLayoutConstraint+Extension.swift in Sources */ = {isa = PBXBuildFile; fileRef = 6CC3C57F2804FB6C00AE5C50 /* NSLayoutConstraint+Extension.swift */; };
		8E5048FD5BFFEF60F3FC0004 /* Pods_HowManyCitiesTests.framework in Frameworks */ = {isa = PBXBuildFile; fileRef = 498133EDACA682E2064FDA55 /* Pods_HowManyCitiesTests.framework */; };
		C7081157CDEE90E6052DF168 /* Pods_HowManyCities.framework in Frameworks */ = {isa = PBXBuildFile; fileRef = 5E08EA20EB451FE21A3BAC71 /* Pods_HowManyCities.framework */; };
		FA4853E8206F5914F93CFE0F /* Pods_HowManyCities_HowManyCitiesUITests.framework in Frameworks */ = {isa = PBXBuildFile; fileRef = 51E341790A486DEC11C8DED5 /* Pods_HowManyCities_HowManyCitiesUITests.framework */; };
/* End PBXBuildFile section */

/* Begin PBXContainerItemProxy section */
		6CAD7FFB27F381E10057A41E /* PBXContainerItemProxy */ = {
			isa = PBXContainerItemProxy;
			containerPortal = 6CAD7FDC27F381DF0057A41E /* Project object */;
			proxyType = 1;
			remoteGlobalIDString = 6CAD7FE327F381DF0057A41E;
			remoteInfo = HowManyCities;
		};
		6CAD800527F381E10057A41E /* PBXContainerItemProxy */ = {
			isa = PBXContainerItemProxy;
			containerPortal = 6CAD7FDC27F381DF0057A41E /* Project object */;
			proxyType = 1;
			remoteGlobalIDString = 6CAD7FE327F381DF0057A41E;
			remoteInfo = HowManyCities;
		};
/* End PBXContainerItemProxy section */

/* Begin PBXFileReference section */
		2183ADEDCFB2A585CA6B95B0 /* Pods-HowManyCities-HowManyCitiesUITests.release.xcconfig */ = {isa = PBXFileReference; includeInIndex = 1; lastKnownFileType = text.xcconfig; name = "Pods-HowManyCities-HowManyCitiesUITests.release.xcconfig"; path = "Target Support Files/Pods-HowManyCities-HowManyCitiesUITests/Pods-HowManyCities-HowManyCitiesUITests.release.xcconfig"; sourceTree = "<group>"; };
		498133EDACA682E2064FDA55 /* Pods_HowManyCitiesTests.framework */ = {isa = PBXFileReference; explicitFileType = wrapper.framework; includeInIndex = 0; path = Pods_HowManyCitiesTests.framework; sourceTree = BUILT_PRODUCTS_DIR; };
		51E341790A486DEC11C8DED5 /* Pods_HowManyCities_HowManyCitiesUITests.framework */ = {isa = PBXFileReference; explicitFileType = wrapper.framework; includeInIndex = 0; path = Pods_HowManyCities_HowManyCitiesUITests.framework; sourceTree = BUILT_PRODUCTS_DIR; };
		5E08EA20EB451FE21A3BAC71 /* Pods_HowManyCities.framework */ = {isa = PBXFileReference; explicitFileType = wrapper.framework; includeInIndex = 0; path = Pods_HowManyCities.framework; sourceTree = BUILT_PRODUCTS_DIR; };
		6C7C8D9728161AA60091E09F /* NormalizedCountryNames.plist */ = {isa = PBXFileReference; lastKnownFileType = text.plist.xml; path = NormalizedCountryNames.plist; sourceTree = "<group>"; };
		6C7C8D9D2817C1330091E09F /* MapGuessModelTests.swift */ = {isa = PBXFileReference; lastKnownFileType = sourcecode.swift; path = MapGuessModelTests.swift; sourceTree = "<group>"; };
		6C7F4D9B2814F52000F90FDE /* State.swift */ = {isa = PBXFileReference; lastKnownFileType = sourcecode.swift; path = State.swift; sourceTree = "<group>"; };
		6C7F4D9D2815054000F90FDE /* StateAbbreviations.plist */ = {isa = PBXFileReference; lastKnownFileType = text.plist.xml; path = StateAbbreviations.plist; sourceTree = "<group>"; };
		6C7F4D9F281515DC00F90FDE /* GuessMode.swift */ = {isa = PBXFileReference; lastKnownFileType = sourcecode.swift; path = GuessMode.swift; sourceTree = "<group>"; };
		6C7F4DA12815160D00F90FDE /* MapGuessModel.swift */ = {isa = PBXFileReference; lastKnownFileType = sourcecode.swift; path = MapGuessModel.swift; sourceTree = "<group>"; };
		6C82DBD427F533D80084159F /* ArraySlice+Extension.swift */ = {isa = PBXFileReference; lastKnownFileType = sourcecode.swift; path = "ArraySlice+Extension.swift"; sourceTree = "<group>"; };
		6C82DBD627F5380D0084159F /* CLLocationCoordinate2D+Extension.swift */ = {isa = PBXFileReference; lastKnownFileType = sourcecode.swift; path = "CLLocationCoordinate2D+Extension.swift"; sourceTree = "<group>"; };
		6C82DBD827F53A310084159F /* Bool+Extension.swift */ = {isa = PBXFileReference; lastKnownFileType = sourcecode.swift; path = "Bool+Extension.swift"; sourceTree = "<group>"; };
		6C82DBDA27F53B140084159F /* GameFinishRequestBody.swift */ = {isa = PBXFileReference; lastKnownFileType = sourcecode.swift; path = GameFinishRequestBody.swift; sourceTree = "<group>"; };
		6C82DBDE27F569800084159F /* MKCoordinateSpan+Extension.swift */ = {isa = PBXFileReference; lastKnownFileType = sourcecode.swift; path = "MKCoordinateSpan+Extension.swift"; sourceTree = "<group>"; };
		6C82DBE027F569F80084159F /* MKCoordinateRegion+Extension.swift */ = {isa = PBXFileReference; lastKnownFileType = sourcecode.swift; path = "MKCoordinateRegion+Extension.swift"; sourceTree = "<group>"; };
		6C96D17E28111A69008E9550 /* CGRect+Extension.swift */ = {isa = PBXFileReference; lastKnownFileType = sourcecode.swift; path = "CGRect+Extension.swift"; sourceTree = "<group>"; };
		6C96D18028111AC4008E9550 /* CGSize+Extension.swift */ = {isa = PBXFileReference; lastKnownFileType = sourcecode.swift; path = "CGSize+Extension.swift"; sourceTree = "<group>"; };
		6C9C23E6281B3A2F00376D6D /* ChartCollectionViewCell.swift */ = {isa = PBXFileReference; lastKnownFileType = sourcecode.swift; path = ChartCollectionViewCell.swift; sourceTree = "<group>"; };
		6C9C23E9281B449300376D6D /* CollectionViewHeaderReusableView.swift */ = {isa = PBXFileReference; lastKnownFileType = sourcecode.swift; path = CollectionViewHeaderReusableView.swift; sourceTree = "<group>"; };
		6C9C23EC281B508900376D6D /* CityPopulationRenderer.swift */ = {isa = PBXFileReference; lastKnownFileType = sourcecode.swift; path = CityPopulationRenderer.swift; sourceTree = "<group>"; };
		6C9C23EE281B509E00376D6D /* CityRarityRenderer.swift */ = {isa = PBXFileReference; lastKnownFileType = sourcecode.swift; path = CityRarityRenderer.swift; sourceTree = "<group>"; };
		6C9C23F02821A9C700376D6D /* NewGameStatsViewController.swift */ = {isa = PBXFileReference; lastKnownFileType = sourcecode.swift; path = NewGameStatsViewController.swift; sourceTree = "<group>"; };
		6C9C42A428121975006529E9 /* MKZoomableCircleRenderer.swift */ = {isa = PBXFileReference; lastKnownFileType = sourcecode.swift; path = MKZoomableCircleRenderer.swift; sourceTree = "<group>"; };
		6C9C42A628121998006529E9 /* MKZoomablePolygonRenderer.swift */ = {isa = PBXFileReference; lastKnownFileType = sourcecode.swift; path = MKZoomablePolygonRenderer.swift; sourceTree = "<group>"; };
		6C9C42A8281219AE006529E9 /* MKZoomScale+Extension.swift */ = {isa = PBXFileReference; lastKnownFileType = sourcecode.swift; path = "MKZoomScale+Extension.swift"; sourceTree = "<group>"; };
		6C9C42AB281219D0006529E9 /* MapToast.swift */ = {isa = PBXFileReference; lastKnownFileType = sourcecode.swift; path = MapToast.swift; sourceTree = "<group>"; };
		6C9C42AD28121CCD006529E9 /* MKPolygon+Extension.swift */ = {isa = PBXFileReference; lastKnownFileType = sourcecode.swift; path = "MKPolygon+Extension.swift"; sourceTree = "<group>"; };
		6C9C42B028122229006529E9 /* MKPolygon+Extension_Tests.swift */ = {isa = PBXFileReference; lastKnownFileType = sourcecode.swift; path = "MKPolygon+Extension_Tests.swift"; sourceTree = "<group>"; };
		6C9C42B2281222B6006529E9 /* MKMapPoint+Extension.swift */ = {isa = PBXFileReference; lastKnownFileType = sourcecode.swift; path = "MKMapPoint+Extension.swift"; sourceTree = "<group>"; };
		6C9C42B428122999006529E9 /* MKOverlayRenderer+Extension.swift */ = {isa = PBXFileReference; lastKnownFileType = sourcecode.swift; path = "MKOverlayRenderer+Extension.swift"; sourceTree = "<group>"; };
		6C9F60632825AA930035B0FA /* StateCityCountRenderer.swift */ = {isa = PBXFileReference; lastKnownFileType = sourcecode.swift; path = StateCityCountRenderer.swift; sourceTree = "<group>"; };
		6C9F60652825AAB90035B0FA /* StateTotalPopulationRenderer.swift */ = {isa = PBXFileReference; lastKnownFileType = sourcecode.swift; path = StateTotalPopulationRenderer.swift; sourceTree = "<group>"; };
		6C9F60672825FA640035B0FA /* NSDiffableDataSourceSnapshot+Extension.swift */ = {isa = PBXFileReference; lastKnownFileType = sourcecode.swift; path = "NSDiffableDataSourceSnapshot+Extension.swift"; sourceTree = "<group>"; };
		6C9F6069282620B50035B0FA /* ItemRenderer.swift */ = {isa = PBXFileReference; lastKnownFileType = sourcecode.swift; path = ItemRenderer.swift; sourceTree = "<group>"; };
		6C9F606C2826212C0035B0FA /* StateInfoViewController.swift */ = {isa = PBXFileReference; lastKnownFileType = sourcecode.swift; path = StateInfoViewController.swift; sourceTree = "<group>"; };
		6CA6CFE52824476700280348 /* String+Extension.swift */ = {isa = PBXFileReference; lastKnownFileType = sourcecode.swift; path = "String+Extension.swift"; sourceTree = "<group>"; };
		6CA6CFE828244FA500280348 /* UIParameterizedTapGestureRecognizer.swift */ = {isa = PBXFileReference; lastKnownFileType = sourcecode.swift; path = UIParameterizedTapGestureRecognizer.swift; sourceTree = "<group>"; };
		6CAD7FE427F381DF0057A41E /* HowManyCities.app */ = {isa = PBXFileReference; explicitFileType = wrapper.application; includeInIndex = 0; path = HowManyCities.app; sourceTree = BUILT_PRODUCTS_DIR; };
		6CAD7FE727F381DF0057A41E /* AppDelegate.swift */ = {isa = PBXFileReference; lastKnownFileType = sourcecode.swift; path = AppDelegate.swift; sourceTree = "<group>"; };
		6CAD7FE927F381DF0057A41E /* SceneDelegate.swift */ = {isa = PBXFileReference; lastKnownFileType = sourcecode.swift; path = SceneDelegate.swift; sourceTree = "<group>"; };
		6CAD7FEB27F381DF0057A41E /* MapGuessViewController.swift */ = {isa = PBXFileReference; lastKnownFileType = sourcecode.swift; path = MapGuessViewController.swift; sourceTree = "<group>"; };
		6CAD7FF027F381E10057A41E /* Assets.xcassets */ = {isa = PBXFileReference; lastKnownFileType = folder.assetcatalog; path = Assets.xcassets; sourceTree = "<group>"; };
		6CAD7FF327F381E10057A41E /* Base */ = {isa = PBXFileReference; lastKnownFileType = file.storyboard; name = Base; path = Base.lproj/LaunchScreen.storyboard; sourceTree = "<group>"; };
		6CAD7FF527F381E10057A41E /* Info.plist */ = {isa = PBXFileReference; lastKnownFileType = text.plist.xml; path = Info.plist; sourceTree = "<group>"; };
		6CAD7FFA27F381E10057A41E /* HowManyCitiesTests.xctest */ = {isa = PBXFileReference; explicitFileType = wrapper.cfbundle; includeInIndex = 0; path = HowManyCitiesTests.xctest; sourceTree = BUILT_PRODUCTS_DIR; };
		6CAD7FFE27F381E10057A41E /* HowManyCitiesTests.swift */ = {isa = PBXFileReference; lastKnownFileType = sourcecode.swift; path = HowManyCitiesTests.swift; sourceTree = "<group>"; };
		6CAD800427F381E10057A41E /* HowManyCitiesUITests.xctest */ = {isa = PBXFileReference; explicitFileType = wrapper.cfbundle; includeInIndex = 0; path = HowManyCitiesUITests.xctest; sourceTree = BUILT_PRODUCTS_DIR; };
		6CAD800827F381E10057A41E /* HowManyCitiesUITests.swift */ = {isa = PBXFileReference; lastKnownFileType = sourcecode.swift; path = HowManyCitiesUITests.swift; sourceTree = "<group>"; };
		6CAD800A27F381E10057A41E /* HowManyCitiesUITestsLaunchTests.swift */ = {isa = PBXFileReference; lastKnownFileType = sourcecode.swift; path = HowManyCitiesUITestsLaunchTests.swift; sourceTree = "<group>"; };
		6CAD801827F382F10057A41E /* UIView+Extension.swift */ = {isa = PBXFileReference; lastKnownFileType = sourcecode.swift; path = "UIView+Extension.swift"; sourceTree = "<group>"; };
		6CAD801B27F38A660057A41E /* HMCRequestHandler.swift */ = {isa = PBXFileReference; lastKnownFileType = sourcecode.swift; path = HMCRequestHandler.swift; sourceTree = "<group>"; };
		6CAD801E27F38DA70057A41E /* City.swift */ = {isa = PBXFileReference; lastKnownFileType = sourcecode.swift; path = City.swift; sourceTree = "<group>"; };
		6CAD802027F3A1CE0057A41E /* Int+Extension.swift */ = {isa = PBXFileReference; lastKnownFileType = sourcecode.swift; path = "Int+Extension.swift"; sourceTree = "<group>"; };
		6CAD802227F3AA640057A41E /* MapGuessViewModel.swift */ = {isa = PBXFileReference; lastKnownFileType = sourcecode.swift; path = MapGuessViewModel.swift; sourceTree = "<group>"; };
		6CAD802527F3B7D90057A41E /* GameConfiguration.swift */ = {isa = PBXFileReference; lastKnownFileType = sourcecode.swift; path = GameConfiguration.swift; sourceTree = "<group>"; };
		6CAD802827F3C1140057A41E /* CityAnnotationView.swift */ = {isa = PBXFileReference; lastKnownFileType = sourcecode.swift; path = CityAnnotationView.swift; sourceTree = "<group>"; };
		6CAD802A27F3CA930057A41E /* MKMapView+Extension.swift */ = {isa = PBXFileReference; lastKnownFileType = sourcecode.swift; path = "MKMapView+Extension.swift"; sourceTree = "<group>"; };
		6CAD802C27F3CC810057A41E /* CityAnnotation.swift */ = {isa = PBXFileReference; lastKnownFileType = sourcecode.swift; path = CityAnnotation.swift; sourceTree = "<group>"; };
		6CAD802E27F3D2C20057A41E /* MapGuessStatsBar.swift */ = {isa = PBXFileReference; lastKnownFileType = sourcecode.swift; path = MapGuessStatsBar.swift; sourceTree = "<group>"; };
		6CAD803027F3D6790057A41E /* Double+Extension.swift */ = {isa = PBXFileReference; lastKnownFileType = sourcecode.swift; path = "Double+Extension.swift"; sourceTree = "<group>"; };
		6CAD803227F41C1A0057A41E /* GameFinishResponse.swift */ = {isa = PBXFileReference; lastKnownFileType = sourcecode.swift; path = GameFinishResponse.swift; sourceTree = "<group>"; };
		6CBE67F0282884D300558820 /* user-inputted-every-country.json */ = {isa = PBXFileReference; lastKnownFileType = text.json; path = "user-inputted-every-country.json"; sourceTree = "<group>"; };
		6CBE67F22828853300558820 /* population-1-or-less.json */ = {isa = PBXFileReference; lastKnownFileType = text.json; path = "population-1-or-less.json"; sourceTree = "<group>"; };
		6CBE67F4282893C100558820 /* ukraine-montenegro-slovenia.json */ = {isa = PBXFileReference; lastKnownFileType = text.json; path = "ukraine-montenegro-slovenia.json"; sourceTree = "<group>"; };
		6CBBD5D52821DA8F002D9FC2 /* CityInfoViewController.swift */ = {isa = PBXFileReference; lastKnownFileType = sourcecode.swift; path = CityInfoViewController.swift; sourceTree = "<group>"; };
		6CBBD5D72821EE69002D9FC2 /* FooterButtonCollectionReusableView.swift */ = {isa = PBXFileReference; lastKnownFileType = sourcecode.swift; path = FooterButtonCollectionReusableView.swift; sourceTree = "<group>"; };
		6CBBD5D92821F7DB002D9FC2 /* CLLocation+Extension.swift */ = {isa = PBXFileReference; lastKnownFileType = sourcecode.swift; path = "CLLocation+Extension.swift"; sourceTree = "<group>"; };
		6CBBD5DB282309DF002D9FC2 /* Bearing.swift */ = {isa = PBXFileReference; lastKnownFileType = sourcecode.swift; path = Bearing.swift; sourceTree = "<group>"; };
		6CBBD5DD28230A1B002D9FC2 /* BearingTests.swift */ = {isa = PBXFileReference; lastKnownFileType = sourcecode.swift; path = BearingTests.swift; sourceTree = "<group>"; };
		6CBBD5DF28238B50002D9FC2 /* FooterTextCollectionReusableView.swift */ = {isa = PBXFileReference; lastKnownFileType = sourcecode.swift; path = FooterTextCollectionReusableView.swift; sourceTree = "<group>"; };
		6CBBD5E12823A8CD002D9FC2 /* PagingFooterCollectionReusableView.swift */ = {isa = PBXFileReference; lastKnownFileType = sourcecode.swift; path = PagingFooterCollectionReusableView.swift; sourceTree = "<group>"; };
		6CBBD5E42823BAE7002D9FC2 /* Vibration.swift */ = {isa = PBXFileReference; lastKnownFileType = sourcecode.swift; path = Vibration.swift; sourceTree = "<group>"; };
		6CC3C57B2804AB7C00AE5C50 /* Array+Extension.swift */ = {isa = PBXFileReference; lastKnownFileType = sourcecode.swift; path = "Array+Extension.swift"; sourceTree = "<group>"; };
		6CC3C57D2804E41300AE5C50 /* StatePickerViewController.swift */ = {isa = PBXFileReference; lastKnownFileType = sourcecode.swift; path = StatePickerViewController.swift; sourceTree = "<group>"; };
		6CC3C57F2804FB6C00AE5C50 /* NSLayoutConstraint+Extension.swift */ = {isa = PBXFileReference; lastKnownFileType = sourcecode.swift; path = "NSLayoutConstraint+Extension.swift"; sourceTree = "<group>"; };
		7B7517C4983F430E253E1CA8 /* Pods-HowManyCities-HowManyCitiesUITests.debug.xcconfig */ = {isa = PBXFileReference; includeInIndex = 1; lastKnownFileType = text.xcconfig; name = "Pods-HowManyCities-HowManyCitiesUITests.debug.xcconfig"; path = "Target Support Files/Pods-HowManyCities-HowManyCitiesUITests/Pods-HowManyCities-HowManyCitiesUITests.debug.xcconfig"; sourceTree = "<group>"; };
		7F9DB55CBC0E1E2098CF3C1A /* Pods-HowManyCitiesTests.debug.xcconfig */ = {isa = PBXFileReference; includeInIndex = 1; lastKnownFileType = text.xcconfig; name = "Pods-HowManyCitiesTests.debug.xcconfig"; path = "Target Support Files/Pods-HowManyCitiesTests/Pods-HowManyCitiesTests.debug.xcconfig"; sourceTree = "<group>"; };
		7FE5EEEBB9C9DEA700E7805D /* Pods-HowManyCities.release.xcconfig */ = {isa = PBXFileReference; includeInIndex = 1; lastKnownFileType = text.xcconfig; name = "Pods-HowManyCities.release.xcconfig"; path = "Target Support Files/Pods-HowManyCities/Pods-HowManyCities.release.xcconfig"; sourceTree = "<group>"; };
		ACCA8F1C5DEEEA22FA2E0CBF /* Pods-HowManyCities.debug.xcconfig */ = {isa = PBXFileReference; includeInIndex = 1; lastKnownFileType = text.xcconfig; name = "Pods-HowManyCities.debug.xcconfig"; path = "Target Support Files/Pods-HowManyCities/Pods-HowManyCities.debug.xcconfig"; sourceTree = "<group>"; };
		E85F07588F08578EE9B17310 /* Pods-HowManyCitiesTests.release.xcconfig */ = {isa = PBXFileReference; includeInIndex = 1; lastKnownFileType = text.xcconfig; name = "Pods-HowManyCitiesTests.release.xcconfig"; path = "Target Support Files/Pods-HowManyCitiesTests/Pods-HowManyCitiesTests.release.xcconfig"; sourceTree = "<group>"; };
/* End PBXFileReference section */

/* Begin PBXFrameworksBuildPhase section */
		6CAD7FE127F381DF0057A41E /* Frameworks */ = {
			isa = PBXFrameworksBuildPhase;
			buildActionMask = 2147483647;
			files = (
				6C7C8D9B2817BFE60091E09F /* OrderedCollections in Frameworks */,
				C7081157CDEE90E6052DF168 /* Pods_HowManyCities.framework in Frameworks */,
			);
			runOnlyForDeploymentPostprocessing = 0;
		};
		6CAD7FF727F381E10057A41E /* Frameworks */ = {
			isa = PBXFrameworksBuildPhase;
			buildActionMask = 2147483647;
			files = (
				8E5048FD5BFFEF60F3FC0004 /* Pods_HowManyCitiesTests.framework in Frameworks */,
			);
			runOnlyForDeploymentPostprocessing = 0;
		};
		6CAD800127F381E10057A41E /* Frameworks */ = {
			isa = PBXFrameworksBuildPhase;
			buildActionMask = 2147483647;
			files = (
				FA4853E8206F5914F93CFE0F /* Pods_HowManyCities_HowManyCitiesUITests.framework in Frameworks */,
			);
			runOnlyForDeploymentPostprocessing = 0;
		};
/* End PBXFrameworksBuildPhase section */

/* Begin PBXGroup section */
		55C0B525838E4CD9733B0445 /* Frameworks */ = {
			isa = PBXGroup;
			children = (
				5E08EA20EB451FE21A3BAC71 /* Pods_HowManyCities.framework */,
				51E341790A486DEC11C8DED5 /* Pods_HowManyCities_HowManyCitiesUITests.framework */,
				498133EDACA682E2064FDA55 /* Pods_HowManyCitiesTests.framework */,
			);
			name = Frameworks;
			sourceTree = "<group>";
		};
		6C7C8D9C2817C1290091E09F /* Models */ = {
			isa = PBXGroup;
			children = (
				6C7C8D9D2817C1330091E09F /* MapGuessModelTests.swift */,
				6CBBD5DD28230A1B002D9FC2 /* BearingTests.swift */,
			);
			path = Models;
			sourceTree = "<group>";
		};
		6C9C23E22819D48600376D6D /* Stats */ = {
			isa = PBXGroup;
			children = (
				6C9F606B282621170035B0FA /* Child ViewControllers */,
				6C9C23E32819D49000376D6D /* Subviews */,
				6C9C23F02821A9C700376D6D /* NewGameStatsViewController.swift */,
			);
			path = Stats;
			sourceTree = "<group>";
		};
		6C9C23E32819D49000376D6D /* Subviews */ = {
			isa = PBXGroup;
			children = (
				6C9C23EB281B507900376D6D /* Item Renderers */,
				6C9C23E6281B3A2F00376D6D /* ChartCollectionViewCell.swift */,
				6C9C23E9281B449300376D6D /* CollectionViewHeaderReusableView.swift */,
				6CBBD5D72821EE69002D9FC2 /* FooterButtonCollectionReusableView.swift */,
				6CBBD5DF28238B50002D9FC2 /* FooterTextCollectionReusableView.swift */,
				6CBBD5E12823A8CD002D9FC2 /* PagingFooterCollectionReusableView.swift */,
			);
			path = Subviews;
			sourceTree = "<group>";
		};
		6C9C23EB281B507900376D6D /* Item Renderers */ = {
			isa = PBXGroup;
			children = (
				6C9C23EC281B508900376D6D /* CityPopulationRenderer.swift */,
				6C9C23EE281B509E00376D6D /* CityRarityRenderer.swift */,
				6C9F60652825AAB90035B0FA /* StateTotalPopulationRenderer.swift */,
				6C9F60632825AA930035B0FA /* StateCityCountRenderer.swift */,
				6C9F6069282620B50035B0FA /* ItemRenderer.swift */,
			);
			path = "Item Renderers";
			sourceTree = "<group>";
		};
		6C9C42A328121967006529E9 /* Overlay Renderers */ = {
			isa = PBXGroup;
			children = (
				6C9C42A428121975006529E9 /* MKZoomableCircleRenderer.swift */,
				6C9C42A628121998006529E9 /* MKZoomablePolygonRenderer.swift */,
			);
			path = "Overlay Renderers";
			sourceTree = "<group>";
		};
		6C9C42AF2812221E006529E9 /* Extensions */ = {
			isa = PBXGroup;
			children = (
				6C9C42B028122229006529E9 /* MKPolygon+Extension_Tests.swift */,
			);
			path = Extensions;
			sourceTree = "<group>";
		};
		6C9F606B282621170035B0FA /* Child ViewControllers */ = {
			isa = PBXGroup;
			children = (
				6CBBD5D52821DA8F002D9FC2 /* CityInfoViewController.swift */,
				6C9F606C2826212C0035B0FA /* StateInfoViewController.swift */,
			);
			path = "Child ViewControllers";
			sourceTree = "<group>";
		};
		6CA6CFE728244F8F00280348 /* UI */ = {
			isa = PBXGroup;
			children = (
				6CA6CFE828244FA500280348 /* UIParameterizedTapGestureRecognizer.swift */,
			);
			path = UI;
			sourceTree = "<group>";
		};
		6CAD7FDB27F381DF0057A41E = {
			isa = PBXGroup;
			children = (
				6CAD7FE627F381DF0057A41E /* HowManyCities */,
				6CAD7FFD27F381E10057A41E /* HowManyCitiesTests */,
				6CAD800727F381E10057A41E /* HowManyCitiesUITests */,
				6CAD7FE527F381DF0057A41E /* Products */,
				7924A2463D80AF4F625A9C92 /* Pods */,
				55C0B525838E4CD9733B0445 /* Frameworks */,
			);
			sourceTree = "<group>";
		};
		6CAD7FE527F381DF0057A41E /* Products */ = {
			isa = PBXGroup;
			children = (
				6CAD7FE427F381DF0057A41E /* HowManyCities.app */,
				6CAD7FFA27F381E10057A41E /* HowManyCitiesTests.xctest */,
				6CAD800427F381E10057A41E /* HowManyCitiesUITests.xctest */,
			);
			name = Products;
			sourceTree = "<group>";
		};
		6CAD7FE627F381DF0057A41E /* HowManyCities */ = {
			isa = PBXGroup;
			children = (
				6CBE67EF282884C100558820 /* UserData */,
				6CA6CFE728244F8F00280348 /* UI */,
				6CAD802727F3C1090057A41E /* Views */,
				6CAD802427F3AA690057A41E /* Models */,
				6CAD801D27F38D940057A41E /* Data */,
				6CAD801A27F38A530057A41E /* API */,
				6C9C42A328121967006529E9 /* Overlay Renderers */,
				6CAD801727F382E80057A41E /* Extensions */,
				6CAD7FE727F381DF0057A41E /* AppDelegate.swift */,
				6CAD7FE927F381DF0057A41E /* SceneDelegate.swift */,
				6CAD7FEB27F381DF0057A41E /* MapGuessViewController.swift */,
				6C9C23E22819D48600376D6D /* Stats */,
				6CAD7FF027F381E10057A41E /* Assets.xcassets */,
				6CAD7FF227F381E10057A41E /* LaunchScreen.storyboard */,
				6CAD7FF527F381E10057A41E /* Info.plist */,
				6CC3C57D2804E41300AE5C50 /* StatePickerViewController.swift */,
				6C7F4D9D2815054000F90FDE /* StateAbbreviations.plist */,
				6C7C8D9728161AA60091E09F /* NormalizedCountryNames.plist */,
			);
			path = HowManyCities;
			sourceTree = "<group>";
		};
		6CAD7FFD27F381E10057A41E /* HowManyCitiesTests */ = {
			isa = PBXGroup;
			children = (
				6C7C8D9C2817C1290091E09F /* Models */,
				6C9C42AF2812221E006529E9 /* Extensions */,
				6CAD7FFE27F381E10057A41E /* HowManyCitiesTests.swift */,
			);
			path = HowManyCitiesTests;
			sourceTree = "<group>";
		};
		6CAD800727F381E10057A41E /* HowManyCitiesUITests */ = {
			isa = PBXGroup;
			children = (
				6CAD800827F381E10057A41E /* HowManyCitiesUITests.swift */,
				6CAD800A27F381E10057A41E /* HowManyCitiesUITestsLaunchTests.swift */,
			);
			path = HowManyCitiesUITests;
			sourceTree = "<group>";
		};
		6CAD801727F382E80057A41E /* Extensions */ = {
			isa = PBXGroup;
			children = (
				6CC3C57B2804AB7C00AE5C50 /* Array+Extension.swift */,
				6C82DBD427F533D80084159F /* ArraySlice+Extension.swift */,
				6C82DBD827F53A310084159F /* Bool+Extension.swift */,
				6C96D17E28111A69008E9550 /* CGRect+Extension.swift */,
				6C96D18028111AC4008E9550 /* CGSize+Extension.swift */,
				6C82DBD627F5380D0084159F /* CLLocationCoordinate2D+Extension.swift */,
				6CBBD5D92821F7DB002D9FC2 /* CLLocation+Extension.swift */,
				6CAD803027F3D6790057A41E /* Double+Extension.swift */,
				6CAD802027F3A1CE0057A41E /* Int+Extension.swift */,
				6C82DBE027F569F80084159F /* MKCoordinateRegion+Extension.swift */,
				6C82DBDE27F569800084159F /* MKCoordinateSpan+Extension.swift */,
				6C9C42B2281222B6006529E9 /* MKMapPoint+Extension.swift */,
				6CAD802A27F3CA930057A41E /* MKMapView+Extension.swift */,
				6C9C42B428122999006529E9 /* MKOverlayRenderer+Extension.swift */,
				6C9C42AD28121CCD006529E9 /* MKPolygon+Extension.swift */,
				6C9C42A8281219AE006529E9 /* MKZoomScale+Extension.swift */,
				6C9F60672825FA640035B0FA /* NSDiffableDataSourceSnapshot+Extension.swift */,
				6CC3C57F2804FB6C00AE5C50 /* NSLayoutConstraint+Extension.swift */,
				6CA6CFE52824476700280348 /* String+Extension.swift */,
				6CAD801827F382F10057A41E /* UIView+Extension.swift */,
			);
			path = Extensions;
			sourceTree = "<group>";
		};
		6CAD801A27F38A530057A41E /* API */ = {
			isa = PBXGroup;
			children = (
				6CAD801B27F38A660057A41E /* HMCRequestHandler.swift */,
			);
			path = API;
			sourceTree = "<group>";
		};
		6CAD801D27F38D940057A41E /* Data */ = {
			isa = PBXGroup;
			children = (
				6CAD801E27F38DA70057A41E /* City.swift */,
				6CAD802527F3B7D90057A41E /* GameConfiguration.swift */,
				6CAD803227F41C1A0057A41E /* GameFinishResponse.swift */,
				6C82DBDA27F53B140084159F /* GameFinishRequestBody.swift */,
				6C7F4D9B2814F52000F90FDE /* State.swift */,
			);
			path = Data;
			sourceTree = "<group>";
		};
		6CAD802427F3AA690057A41E /* Models */ = {
			isa = PBXGroup;
			children = (
				6CBBD5DB282309DF002D9FC2 /* Bearing.swift */,
				6CAD802C27F3CC810057A41E /* CityAnnotation.swift */,
				6C7F4D9F281515DC00F90FDE /* GuessMode.swift */,
				6C7F4DA12815160D00F90FDE /* MapGuessModel.swift */,
				6CAD802227F3AA640057A41E /* MapGuessViewModel.swift */,
				6CBBD5E42823BAE7002D9FC2 /* Vibration.swift */,
			);
			path = Models;
			sourceTree = "<group>";
		};
		6CAD802727F3C1090057A41E /* Views */ = {
			isa = PBXGroup;
			children = (
				6CAD802827F3C1140057A41E /* CityAnnotationView.swift */,
				6CAD802E27F3D2C20057A41E /* MapGuessStatsBar.swift */,
				6C9C42AB281219D0006529E9 /* MapToast.swift */,
			);
			path = Views;
			sourceTree = "<group>";
		};
		6CBE67EF282884C100558820 /* UserData */ = {
			isa = PBXGroup;
			children = (
				6CBE67F0282884D300558820 /* user-inputted-every-country.json */,
				6CBE67F22828853300558820 /* population-1-or-less.json */,
				6CBE67F4282893C100558820 /* ukraine-montenegro-slovenia.json */,
			);
			path = UserData;
			sourceTree = "<group>";
		};
		7924A2463D80AF4F625A9C92 /* Pods */ = {
			isa = PBXGroup;
			children = (
				ACCA8F1C5DEEEA22FA2E0CBF /* Pods-HowManyCities.debug.xcconfig */,
				7FE5EEEBB9C9DEA700E7805D /* Pods-HowManyCities.release.xcconfig */,
				7B7517C4983F430E253E1CA8 /* Pods-HowManyCities-HowManyCitiesUITests.debug.xcconfig */,
				2183ADEDCFB2A585CA6B95B0 /* Pods-HowManyCities-HowManyCitiesUITests.release.xcconfig */,
				7F9DB55CBC0E1E2098CF3C1A /* Pods-HowManyCitiesTests.debug.xcconfig */,
				E85F07588F08578EE9B17310 /* Pods-HowManyCitiesTests.release.xcconfig */,
			);
			path = Pods;
			sourceTree = "<group>";
		};
/* End PBXGroup section */

/* Begin PBXNativeTarget section */
		6CAD7FE327F381DF0057A41E /* HowManyCities */ = {
			isa = PBXNativeTarget;
			buildConfigurationList = 6CAD800E27F381E10057A41E /* Build configuration list for PBXNativeTarget "HowManyCities" */;
			buildPhases = (
				56191786F0129AD7021380E0 /* [CP] Check Pods Manifest.lock */,
				6CAD7FE027F381DF0057A41E /* Sources */,
				6CAD7FE127F381DF0057A41E /* Frameworks */,
				6CAD7FE227F381DF0057A41E /* Resources */,
				5BEC06D76EBBEBB322CE7E88 /* [CP] Embed Pods Frameworks */,
			);
			buildRules = (
			);
			dependencies = (
			);
			name = HowManyCities;
			packageProductDependencies = (
				6C7C8D9A2817BFE60091E09F /* OrderedCollections */,
			);
			productName = HowManyCities;
			productReference = 6CAD7FE427F381DF0057A41E /* HowManyCities.app */;
			productType = "com.apple.product-type.application";
		};
		6CAD7FF927F381E10057A41E /* HowManyCitiesTests */ = {
			isa = PBXNativeTarget;
			buildConfigurationList = 6CAD801127F381E10057A41E /* Build configuration list for PBXNativeTarget "HowManyCitiesTests" */;
			buildPhases = (
				29CE196BBE5C8F8356B3F2F0 /* [CP] Check Pods Manifest.lock */,
				6CAD7FF627F381E10057A41E /* Sources */,
				6CAD7FF727F381E10057A41E /* Frameworks */,
				6CAD7FF827F381E10057A41E /* Resources */,
			);
			buildRules = (
			);
			dependencies = (
				6CAD7FFC27F381E10057A41E /* PBXTargetDependency */,
			);
			name = HowManyCitiesTests;
			productName = HowManyCitiesTests;
			productReference = 6CAD7FFA27F381E10057A41E /* HowManyCitiesTests.xctest */;
			productType = "com.apple.product-type.bundle.unit-test";
		};
		6CAD800327F381E10057A41E /* HowManyCitiesUITests */ = {
			isa = PBXNativeTarget;
			buildConfigurationList = 6CAD801427F381E10057A41E /* Build configuration list for PBXNativeTarget "HowManyCitiesUITests" */;
			buildPhases = (
				FD56CAFD3F37BFD557C4BC36 /* [CP] Check Pods Manifest.lock */,
				6CAD800027F381E10057A41E /* Sources */,
				6CAD800127F381E10057A41E /* Frameworks */,
				6CAD800227F381E10057A41E /* Resources */,
				B45E919DBEBA3B2BEC3E78EC /* [CP] Embed Pods Frameworks */,
			);
			buildRules = (
			);
			dependencies = (
				6CAD800627F381E10057A41E /* PBXTargetDependency */,
			);
			name = HowManyCitiesUITests;
			productName = HowManyCitiesUITests;
			productReference = 6CAD800427F381E10057A41E /* HowManyCitiesUITests.xctest */;
			productType = "com.apple.product-type.bundle.ui-testing";
		};
/* End PBXNativeTarget section */

/* Begin PBXProject section */
		6CAD7FDC27F381DF0057A41E /* Project object */ = {
			isa = PBXProject;
			attributes = {
				BuildIndependentTargetsInParallel = 1;
				LastSwiftUpdateCheck = 1320;
				LastUpgradeCheck = 1320;
				TargetAttributes = {
					6CAD7FE327F381DF0057A41E = {
						CreatedOnToolsVersion = 13.2.1;
					};
					6CAD7FF927F381E10057A41E = {
						CreatedOnToolsVersion = 13.2.1;
						TestTargetID = 6CAD7FE327F381DF0057A41E;
					};
					6CAD800327F381E10057A41E = {
						CreatedOnToolsVersion = 13.2.1;
						TestTargetID = 6CAD7FE327F381DF0057A41E;
					};
				};
			};
			buildConfigurationList = 6CAD7FDF27F381DF0057A41E /* Build configuration list for PBXProject "HowManyCities" */;
			compatibilityVersion = "Xcode 13.0";
			developmentRegion = en;
			hasScannedForEncodings = 0;
			knownRegions = (
				en,
				Base,
			);
			mainGroup = 6CAD7FDB27F381DF0057A41E;
			packageReferences = (
				6C7C8D992817BFE60091E09F /* XCRemoteSwiftPackageReference "swift-collections" */,
			);
			productRefGroup = 6CAD7FE527F381DF0057A41E /* Products */;
			projectDirPath = "";
			projectRoot = "";
			targets = (
				6CAD7FE327F381DF0057A41E /* HowManyCities */,
				6CAD7FF927F381E10057A41E /* HowManyCitiesTests */,
				6CAD800327F381E10057A41E /* HowManyCitiesUITests */,
			);
		};
/* End PBXProject section */

/* Begin PBXResourcesBuildPhase section */
		6CAD7FE227F381DF0057A41E /* Resources */ = {
			isa = PBXResourcesBuildPhase;
			buildActionMask = 2147483647;
			files = (
				6CBE67F32828853300558820 /* population-1-or-less.json in Resources */,
				6C7F4D9E2815054000F90FDE /* StateAbbreviations.plist in Resources */,
				6CBE67F5282893C100558820 /* ukraine-montenegro-slovenia.json in Resources */,
				6CAD7FF427F381E10057A41E /* LaunchScreen.storyboard in Resources */,
				6CAD7FF127F381E10057A41E /* Assets.xcassets in Resources */,
				6CBE67F1282884D300558820 /* user-inputted-every-country.json in Resources */,
				6C7C8D9828161AA60091E09F /* NormalizedCountryNames.plist in Resources */,
			);
			runOnlyForDeploymentPostprocessing = 0;
		};
		6CAD7FF827F381E10057A41E /* Resources */ = {
			isa = PBXResourcesBuildPhase;
			buildActionMask = 2147483647;
			files = (
			);
			runOnlyForDeploymentPostprocessing = 0;
		};
		6CAD800227F381E10057A41E /* Resources */ = {
			isa = PBXResourcesBuildPhase;
			buildActionMask = 2147483647;
			files = (
			);
			runOnlyForDeploymentPostprocessing = 0;
		};
/* End PBXResourcesBuildPhase section */

/* Begin PBXShellScriptBuildPhase section */
		29CE196BBE5C8F8356B3F2F0 /* [CP] Check Pods Manifest.lock */ = {
			isa = PBXShellScriptBuildPhase;
			buildActionMask = 2147483647;
			files = (
			);
			inputFileListPaths = (
			);
			inputPaths = (
				"${PODS_PODFILE_DIR_PATH}/Podfile.lock",
				"${PODS_ROOT}/Manifest.lock",
			);
			name = "[CP] Check Pods Manifest.lock";
			outputFileListPaths = (
			);
			outputPaths = (
				"$(DERIVED_FILE_DIR)/Pods-HowManyCitiesTests-checkManifestLockResult.txt",
			);
			runOnlyForDeploymentPostprocessing = 0;
			shellPath = /bin/sh;
			shellScript = "diff \"${PODS_PODFILE_DIR_PATH}/Podfile.lock\" \"${PODS_ROOT}/Manifest.lock\" > /dev/null\nif [ $? != 0 ] ; then\n    # print error to STDERR\n    echo \"error: The sandbox is not in sync with the Podfile.lock. Run 'pod install' or update your CocoaPods installation.\" >&2\n    exit 1\nfi\n# This output is used by Xcode 'outputs' to avoid re-running this script phase.\necho \"SUCCESS\" > \"${SCRIPT_OUTPUT_FILE_0}\"\n";
			showEnvVarsInLog = 0;
		};
		56191786F0129AD7021380E0 /* [CP] Check Pods Manifest.lock */ = {
			isa = PBXShellScriptBuildPhase;
			buildActionMask = 2147483647;
			files = (
			);
			inputFileListPaths = (
			);
			inputPaths = (
				"${PODS_PODFILE_DIR_PATH}/Podfile.lock",
				"${PODS_ROOT}/Manifest.lock",
			);
			name = "[CP] Check Pods Manifest.lock";
			outputFileListPaths = (
			);
			outputPaths = (
				"$(DERIVED_FILE_DIR)/Pods-HowManyCities-checkManifestLockResult.txt",
			);
			runOnlyForDeploymentPostprocessing = 0;
			shellPath = /bin/sh;
			shellScript = "diff \"${PODS_PODFILE_DIR_PATH}/Podfile.lock\" \"${PODS_ROOT}/Manifest.lock\" > /dev/null\nif [ $? != 0 ] ; then\n    # print error to STDERR\n    echo \"error: The sandbox is not in sync with the Podfile.lock. Run 'pod install' or update your CocoaPods installation.\" >&2\n    exit 1\nfi\n# This output is used by Xcode 'outputs' to avoid re-running this script phase.\necho \"SUCCESS\" > \"${SCRIPT_OUTPUT_FILE_0}\"\n";
			showEnvVarsInLog = 0;
		};
		5BEC06D76EBBEBB322CE7E88 /* [CP] Embed Pods Frameworks */ = {
			isa = PBXShellScriptBuildPhase;
			buildActionMask = 2147483647;
			files = (
			);
			inputFileListPaths = (
				"${PODS_ROOT}/Target Support Files/Pods-HowManyCities/Pods-HowManyCities-frameworks-${CONFIGURATION}-input-files.xcfilelist",
			);
			name = "[CP] Embed Pods Frameworks";
			outputFileListPaths = (
				"${PODS_ROOT}/Target Support Files/Pods-HowManyCities/Pods-HowManyCities-frameworks-${CONFIGURATION}-output-files.xcfilelist",
			);
			runOnlyForDeploymentPostprocessing = 0;
			shellPath = /bin/sh;
			shellScript = "\"${PODS_ROOT}/Target Support Files/Pods-HowManyCities/Pods-HowManyCities-frameworks.sh\"\n";
			showEnvVarsInLog = 0;
		};
		B45E919DBEBA3B2BEC3E78EC /* [CP] Embed Pods Frameworks */ = {
			isa = PBXShellScriptBuildPhase;
			buildActionMask = 2147483647;
			files = (
			);
			inputFileListPaths = (
				"${PODS_ROOT}/Target Support Files/Pods-HowManyCities-HowManyCitiesUITests/Pods-HowManyCities-HowManyCitiesUITests-frameworks-${CONFIGURATION}-input-files.xcfilelist",
			);
			name = "[CP] Embed Pods Frameworks";
			outputFileListPaths = (
				"${PODS_ROOT}/Target Support Files/Pods-HowManyCities-HowManyCitiesUITests/Pods-HowManyCities-HowManyCitiesUITests-frameworks-${CONFIGURATION}-output-files.xcfilelist",
			);
			runOnlyForDeploymentPostprocessing = 0;
			shellPath = /bin/sh;
			shellScript = "\"${PODS_ROOT}/Target Support Files/Pods-HowManyCities-HowManyCitiesUITests/Pods-HowManyCities-HowManyCitiesUITests-frameworks.sh\"\n";
			showEnvVarsInLog = 0;
		};
		FD56CAFD3F37BFD557C4BC36 /* [CP] Check Pods Manifest.lock */ = {
			isa = PBXShellScriptBuildPhase;
			buildActionMask = 2147483647;
			files = (
			);
			inputFileListPaths = (
			);
			inputPaths = (
				"${PODS_PODFILE_DIR_PATH}/Podfile.lock",
				"${PODS_ROOT}/Manifest.lock",
			);
			name = "[CP] Check Pods Manifest.lock";
			outputFileListPaths = (
			);
			outputPaths = (
				"$(DERIVED_FILE_DIR)/Pods-HowManyCities-HowManyCitiesUITests-checkManifestLockResult.txt",
			);
			runOnlyForDeploymentPostprocessing = 0;
			shellPath = /bin/sh;
			shellScript = "diff \"${PODS_PODFILE_DIR_PATH}/Podfile.lock\" \"${PODS_ROOT}/Manifest.lock\" > /dev/null\nif [ $? != 0 ] ; then\n    # print error to STDERR\n    echo \"error: The sandbox is not in sync with the Podfile.lock. Run 'pod install' or update your CocoaPods installation.\" >&2\n    exit 1\nfi\n# This output is used by Xcode 'outputs' to avoid re-running this script phase.\necho \"SUCCESS\" > \"${SCRIPT_OUTPUT_FILE_0}\"\n";
			showEnvVarsInLog = 0;
		};
/* End PBXShellScriptBuildPhase section */

/* Begin PBXSourcesBuildPhase section */
		6CAD7FE027F381DF0057A41E /* Sources */ = {
			isa = PBXSourcesBuildPhase;
			buildActionMask = 2147483647;
			files = (
				6C9C23EA281B449300376D6D /* CollectionViewHeaderReusableView.swift in Sources */,
				6C82DBD727F5380D0084159F /* CLLocationCoordinate2D+Extension.swift in Sources */,
				6CAD803327F41C1A0057A41E /* GameFinishResponse.swift in Sources */,
				6CAD802F27F3D2C20057A41E /* MapGuessStatsBar.swift in Sources */,
				6CA6CFE928244FA500280348 /* UIParameterizedTapGestureRecognizer.swift in Sources */,
				6CAD801F27F38DA70057A41E /* City.swift in Sources */,
				6C9C42AC281219D0006529E9 /* MapToast.swift in Sources */,
				6CBBD5E52823BAE7002D9FC2 /* Vibration.swift in Sources */,
				6CAD803127F3D6790057A41E /* Double+Extension.swift in Sources */,
				6C82DBDF27F569800084159F /* MKCoordinateSpan+Extension.swift in Sources */,
				6C7F4DA0281515DC00F90FDE /* GuessMode.swift in Sources */,
				6CAD802627F3B7D90057A41E /* GameConfiguration.swift in Sources */,
				6CAD801C27F38A660057A41E /* HMCRequestHandler.swift in Sources */,
				6C9C42A528121975006529E9 /* MKZoomableCircleRenderer.swift in Sources */,
				6CAD7FEC27F381DF0057A41E /* MapGuessViewController.swift in Sources */,
				6C9F606D2826212C0035B0FA /* StateInfoViewController.swift in Sources */,
				6C9C42B3281222B6006529E9 /* MKMapPoint+Extension.swift in Sources */,
				6CAD802327F3AA640057A41E /* MapGuessViewModel.swift in Sources */,
				6C9C23EF281B509E00376D6D /* CityRarityRenderer.swift in Sources */,
				6C9C23ED281B508900376D6D /* CityPopulationRenderer.swift in Sources */,
				6C7F4D9C2814F52000F90FDE /* State.swift in Sources */,
				6C96D18128111AC4008E9550 /* CGSize+Extension.swift in Sources */,
				6C9F60642825AA930035B0FA /* StateCityCountRenderer.swift in Sources */,
				6CC3C57E2804E41300AE5C50 /* StatePickerViewController.swift in Sources */,
				6CBBD5D82821EE69002D9FC2 /* FooterButtonCollectionReusableView.swift in Sources */,
				6C9C23F12821A9C700376D6D /* NewGameStatsViewController.swift in Sources */,
				6C9C42AE28121CCD006529E9 /* MKPolygon+Extension.swift in Sources */,
				6C82DBDB27F53B140084159F /* GameFinishRequestBody.swift in Sources */,
				6C7F4DA22815160D00F90FDE /* MapGuessModel.swift in Sources */,
				6C82DBD927F53A310084159F /* Bool+Extension.swift in Sources */,
				6C9F606A282620B50035B0FA /* ItemRenderer.swift in Sources */,
				6CAD802127F3A1CE0057A41E /* Int+Extension.swift in Sources */,
				6C96D17F28111A6A008E9550 /* CGRect+Extension.swift in Sources */,
				6C9C23E7281B3A2F00376D6D /* ChartCollectionViewCell.swift in Sources */,
				6CA6CFE62824476700280348 /* String+Extension.swift in Sources */,
				6CC3C57C2804AB7C00AE5C50 /* Array+Extension.swift in Sources */,
				6CBBD5DC282309DF002D9FC2 /* Bearing.swift in Sources */,
				6C9C42A728121998006529E9 /* MKZoomablePolygonRenderer.swift in Sources */,
				6CBBD5E22823A8CD002D9FC2 /* PagingFooterCollectionReusableView.swift in Sources */,
				6CAD802927F3C1140057A41E /* CityAnnotationView.swift in Sources */,
				6C9F60682825FA640035B0FA /* NSDiffableDataSourceSnapshot+Extension.swift in Sources */,
				6CC3C5802804FB6C00AE5C50 /* NSLayoutConstraint+Extension.swift in Sources */,
				6CAD7FE827F381DF0057A41E /* AppDelegate.swift in Sources */,
				6C9F60662825AAB90035B0FA /* StateTotalPopulationRenderer.swift in Sources */,
				6C9C42B528122999006529E9 /* MKOverlayRenderer+Extension.swift in Sources */,
				6CBBD5DA2821F7DB002D9FC2 /* CLLocation+Extension.swift in Sources */,
				6C82DBE127F569F80084159F /* MKCoordinateRegion+Extension.swift in Sources */,
				6CAD802B27F3CA930057A41E /* MKMapView+Extension.swift in Sources */,
				6C82DBD527F533D80084159F /* ArraySlice+Extension.swift in Sources */,
				6CBBD5E028238B50002D9FC2 /* FooterTextCollectionReusableView.swift in Sources */,
				6CAD801927F382F10057A41E /* UIView+Extension.swift in Sources */,
				6CBBD5D62821DA8F002D9FC2 /* CityInfoViewController.swift in Sources */,
				6C9C42A9281219AE006529E9 /* MKZoomScale+Extension.swift in Sources */,
				6CAD7FEA27F381DF0057A41E /* SceneDelegate.swift in Sources */,
				6CAD802D27F3CC810057A41E /* CityAnnotation.swift in Sources */,
			);
			runOnlyForDeploymentPostprocessing = 0;
		};
		6CAD7FF627F381E10057A41E /* Sources */ = {
			isa = PBXSourcesBuildPhase;
			buildActionMask = 2147483647;
			files = (
				6CBBD5DE28230A1B002D9FC2 /* BearingTests.swift in Sources */,
				6C7C8D9E2817C1330091E09F /* MapGuessModelTests.swift in Sources */,
				6C9C42B128122229006529E9 /* MKPolygon+Extension_Tests.swift in Sources */,
				6CAD7FFF27F381E10057A41E /* HowManyCitiesTests.swift in Sources */,
			);
			runOnlyForDeploymentPostprocessing = 0;
		};
		6CAD800027F381E10057A41E /* Sources */ = {
			isa = PBXSourcesBuildPhase;
			buildActionMask = 2147483647;
			files = (
				6CAD800927F381E10057A41E /* HowManyCitiesUITests.swift in Sources */,
				6CAD800B27F381E10057A41E /* HowManyCitiesUITestsLaunchTests.swift in Sources */,
			);
			runOnlyForDeploymentPostprocessing = 0;
		};
/* End PBXSourcesBuildPhase section */

/* Begin PBXTargetDependency section */
		6CAD7FFC27F381E10057A41E /* PBXTargetDependency */ = {
			isa = PBXTargetDependency;
			target = 6CAD7FE327F381DF0057A41E /* HowManyCities */;
			targetProxy = 6CAD7FFB27F381E10057A41E /* PBXContainerItemProxy */;
		};
		6CAD800627F381E10057A41E /* PBXTargetDependency */ = {
			isa = PBXTargetDependency;
			target = 6CAD7FE327F381DF0057A41E /* HowManyCities */;
			targetProxy = 6CAD800527F381E10057A41E /* PBXContainerItemProxy */;
		};
/* End PBXTargetDependency section */

/* Begin PBXVariantGroup section */
		6CAD7FF227F381E10057A41E /* LaunchScreen.storyboard */ = {
			isa = PBXVariantGroup;
			children = (
				6CAD7FF327F381E10057A41E /* Base */,
			);
			name = LaunchScreen.storyboard;
			sourceTree = "<group>";
		};
/* End PBXVariantGroup section */

/* Begin XCBuildConfiguration section */
		6CAD800C27F381E10057A41E /* Debug */ = {
			isa = XCBuildConfiguration;
			buildSettings = {
				ALWAYS_SEARCH_USER_PATHS = NO;
				CLANG_ANALYZER_NONNULL = YES;
				CLANG_ANALYZER_NUMBER_OBJECT_CONVERSION = YES_AGGRESSIVE;
				CLANG_CXX_LANGUAGE_STANDARD = "gnu++17";
				CLANG_CXX_LIBRARY = "libc++";
				CLANG_ENABLE_MODULES = YES;
				CLANG_ENABLE_OBJC_ARC = YES;
				CLANG_ENABLE_OBJC_WEAK = YES;
				CLANG_WARN_BLOCK_CAPTURE_AUTORELEASING = YES;
				CLANG_WARN_BOOL_CONVERSION = YES;
				CLANG_WARN_COMMA = YES;
				CLANG_WARN_CONSTANT_CONVERSION = YES;
				CLANG_WARN_DEPRECATED_OBJC_IMPLEMENTATIONS = YES;
				CLANG_WARN_DIRECT_OBJC_ISA_USAGE = YES_ERROR;
				CLANG_WARN_DOCUMENTATION_COMMENTS = YES;
				CLANG_WARN_EMPTY_BODY = YES;
				CLANG_WARN_ENUM_CONVERSION = YES;
				CLANG_WARN_INFINITE_RECURSION = YES;
				CLANG_WARN_INT_CONVERSION = YES;
				CLANG_WARN_NON_LITERAL_NULL_CONVERSION = YES;
				CLANG_WARN_OBJC_IMPLICIT_RETAIN_SELF = YES;
				CLANG_WARN_OBJC_LITERAL_CONVERSION = YES;
				CLANG_WARN_OBJC_ROOT_CLASS = YES_ERROR;
				CLANG_WARN_QUOTED_INCLUDE_IN_FRAMEWORK_HEADER = YES;
				CLANG_WARN_RANGE_LOOP_ANALYSIS = YES;
				CLANG_WARN_STRICT_PROTOTYPES = YES;
				CLANG_WARN_SUSPICIOUS_MOVE = YES;
				CLANG_WARN_UNGUARDED_AVAILABILITY = YES_AGGRESSIVE;
				CLANG_WARN_UNREACHABLE_CODE = YES;
				CLANG_WARN__DUPLICATE_METHOD_MATCH = YES;
				COPY_PHASE_STRIP = NO;
				DEBUG_INFORMATION_FORMAT = dwarf;
				ENABLE_STRICT_OBJC_MSGSEND = YES;
				ENABLE_TESTABILITY = YES;
				GCC_C_LANGUAGE_STANDARD = gnu11;
				GCC_DYNAMIC_NO_PIC = NO;
				GCC_NO_COMMON_BLOCKS = YES;
				GCC_OPTIMIZATION_LEVEL = 0;
				GCC_PREPROCESSOR_DEFINITIONS = (
					"DEBUG=1",
					"$(inherited)",
				);
				GCC_WARN_64_TO_32_BIT_CONVERSION = YES;
				GCC_WARN_ABOUT_RETURN_TYPE = YES_ERROR;
				GCC_WARN_UNDECLARED_SELECTOR = YES;
				GCC_WARN_UNINITIALIZED_AUTOS = YES_AGGRESSIVE;
				GCC_WARN_UNUSED_FUNCTION = YES;
				GCC_WARN_UNUSED_VARIABLE = YES;
				IPHONEOS_DEPLOYMENT_TARGET = 15.2;
				MTL_ENABLE_DEBUG_INFO = INCLUDE_SOURCE;
				MTL_FAST_MATH = YES;
				ONLY_ACTIVE_ARCH = YES;
				SDKROOT = iphoneos;
				SWIFT_ACTIVE_COMPILATION_CONDITIONS = DEBUG;
				SWIFT_OPTIMIZATION_LEVEL = "-Onone";
			};
			name = Debug;
		};
		6CAD800D27F381E10057A41E /* Release */ = {
			isa = XCBuildConfiguration;
			buildSettings = {
				ALWAYS_SEARCH_USER_PATHS = NO;
				CLANG_ANALYZER_NONNULL = YES;
				CLANG_ANALYZER_NUMBER_OBJECT_CONVERSION = YES_AGGRESSIVE;
				CLANG_CXX_LANGUAGE_STANDARD = "gnu++17";
				CLANG_CXX_LIBRARY = "libc++";
				CLANG_ENABLE_MODULES = YES;
				CLANG_ENABLE_OBJC_ARC = YES;
				CLANG_ENABLE_OBJC_WEAK = YES;
				CLANG_WARN_BLOCK_CAPTURE_AUTORELEASING = YES;
				CLANG_WARN_BOOL_CONVERSION = YES;
				CLANG_WARN_COMMA = YES;
				CLANG_WARN_CONSTANT_CONVERSION = YES;
				CLANG_WARN_DEPRECATED_OBJC_IMPLEMENTATIONS = YES;
				CLANG_WARN_DIRECT_OBJC_ISA_USAGE = YES_ERROR;
				CLANG_WARN_DOCUMENTATION_COMMENTS = YES;
				CLANG_WARN_EMPTY_BODY = YES;
				CLANG_WARN_ENUM_CONVERSION = YES;
				CLANG_WARN_INFINITE_RECURSION = YES;
				CLANG_WARN_INT_CONVERSION = YES;
				CLANG_WARN_NON_LITERAL_NULL_CONVERSION = YES;
				CLANG_WARN_OBJC_IMPLICIT_RETAIN_SELF = YES;
				CLANG_WARN_OBJC_LITERAL_CONVERSION = YES;
				CLANG_WARN_OBJC_ROOT_CLASS = YES_ERROR;
				CLANG_WARN_QUOTED_INCLUDE_IN_FRAMEWORK_HEADER = YES;
				CLANG_WARN_RANGE_LOOP_ANALYSIS = YES;
				CLANG_WARN_STRICT_PROTOTYPES = YES;
				CLANG_WARN_SUSPICIOUS_MOVE = YES;
				CLANG_WARN_UNGUARDED_AVAILABILITY = YES_AGGRESSIVE;
				CLANG_WARN_UNREACHABLE_CODE = YES;
				CLANG_WARN__DUPLICATE_METHOD_MATCH = YES;
				COPY_PHASE_STRIP = NO;
				DEBUG_INFORMATION_FORMAT = "dwarf-with-dsym";
				ENABLE_NS_ASSERTIONS = NO;
				ENABLE_STRICT_OBJC_MSGSEND = YES;
				GCC_C_LANGUAGE_STANDARD = gnu11;
				GCC_NO_COMMON_BLOCKS = YES;
				GCC_WARN_64_TO_32_BIT_CONVERSION = YES;
				GCC_WARN_ABOUT_RETURN_TYPE = YES_ERROR;
				GCC_WARN_UNDECLARED_SELECTOR = YES;
				GCC_WARN_UNINITIALIZED_AUTOS = YES_AGGRESSIVE;
				GCC_WARN_UNUSED_FUNCTION = YES;
				GCC_WARN_UNUSED_VARIABLE = YES;
				IPHONEOS_DEPLOYMENT_TARGET = 15.2;
				MTL_ENABLE_DEBUG_INFO = NO;
				MTL_FAST_MATH = YES;
				SDKROOT = iphoneos;
				SWIFT_COMPILATION_MODE = wholemodule;
				SWIFT_OPTIMIZATION_LEVEL = "-O";
				VALIDATE_PRODUCT = YES;
			};
			name = Release;
		};
		6CAD800F27F381E10057A41E /* Debug */ = {
			isa = XCBuildConfiguration;
			baseConfigurationReference = ACCA8F1C5DEEEA22FA2E0CBF /* Pods-HowManyCities.debug.xcconfig */;
			buildSettings = {
				ASSETCATALOG_COMPILER_APPICON_NAME = AppIcon;
				ASSETCATALOG_COMPILER_GLOBAL_ACCENT_COLOR_NAME = AccentColor;
				CODE_SIGN_STYLE = Automatic;
				CURRENT_PROJECT_VERSION = 1;
				DEVELOPMENT_TEAM = 2A23N78DMF;
				GENERATE_INFOPLIST_FILE = YES;
				INFOPLIST_FILE = HowManyCities/Info.plist;
				INFOPLIST_KEY_UIApplicationSupportsIndirectInputEvents = YES;
				INFOPLIST_KEY_UILaunchStoryboardName = LaunchScreen;
				INFOPLIST_KEY_UISupportedInterfaceOrientations_iPad = "UIInterfaceOrientationPortrait UIInterfaceOrientationPortraitUpsideDown UIInterfaceOrientationLandscapeLeft UIInterfaceOrientationLandscapeRight";
				INFOPLIST_KEY_UISupportedInterfaceOrientations_iPhone = "UIInterfaceOrientationPortrait UIInterfaceOrientationLandscapeLeft UIInterfaceOrientationLandscapeRight";
				LD_RUNPATH_SEARCH_PATHS = (
					"$(inherited)",
					"@executable_path/Frameworks",
				);
				MARKETING_VERSION = 1.0;
				PRODUCT_BUNDLE_IDENTIFIER = letsgooo.HowManyCities;
				PRODUCT_NAME = "$(TARGET_NAME)";
				SWIFT_EMIT_LOC_STRINGS = YES;
				SWIFT_VERSION = 5.0;
				TARGETED_DEVICE_FAMILY = "1,2";
			};
			name = Debug;
		};
		6CAD801027F381E10057A41E /* Release */ = {
			isa = XCBuildConfiguration;
			baseConfigurationReference = 7FE5EEEBB9C9DEA700E7805D /* Pods-HowManyCities.release.xcconfig */;
			buildSettings = {
				ASSETCATALOG_COMPILER_APPICON_NAME = AppIcon;
				ASSETCATALOG_COMPILER_GLOBAL_ACCENT_COLOR_NAME = AccentColor;
				CODE_SIGN_STYLE = Automatic;
				CURRENT_PROJECT_VERSION = 1;
				DEVELOPMENT_TEAM = 2A23N78DMF;
				GENERATE_INFOPLIST_FILE = YES;
				INFOPLIST_FILE = HowManyCities/Info.plist;
				INFOPLIST_KEY_UIApplicationSupportsIndirectInputEvents = YES;
				INFOPLIST_KEY_UILaunchStoryboardName = LaunchScreen;
				INFOPLIST_KEY_UISupportedInterfaceOrientations_iPad = "UIInterfaceOrientationPortrait UIInterfaceOrientationPortraitUpsideDown UIInterfaceOrientationLandscapeLeft UIInterfaceOrientationLandscapeRight";
				INFOPLIST_KEY_UISupportedInterfaceOrientations_iPhone = "UIInterfaceOrientationPortrait UIInterfaceOrientationLandscapeLeft UIInterfaceOrientationLandscapeRight";
				LD_RUNPATH_SEARCH_PATHS = (
					"$(inherited)",
					"@executable_path/Frameworks",
				);
				MARKETING_VERSION = 1.0;
				PRODUCT_BUNDLE_IDENTIFIER = letsgooo.HowManyCities;
				PRODUCT_NAME = "$(TARGET_NAME)";
				SWIFT_EMIT_LOC_STRINGS = YES;
				SWIFT_VERSION = 5.0;
				TARGETED_DEVICE_FAMILY = "1,2";
			};
			name = Release;
		};
		6CAD801227F381E10057A41E /* Debug */ = {
			isa = XCBuildConfiguration;
			baseConfigurationReference = 7F9DB55CBC0E1E2098CF3C1A /* Pods-HowManyCitiesTests.debug.xcconfig */;
			buildSettings = {
				ALWAYS_EMBED_SWIFT_STANDARD_LIBRARIES = YES;
				BUNDLE_LOADER = "$(TEST_HOST)";
				CODE_SIGN_STYLE = Automatic;
				CURRENT_PROJECT_VERSION = 1;
				DEVELOPMENT_TEAM = 2A23N78DMF;
				GENERATE_INFOPLIST_FILE = YES;
				IPHONEOS_DEPLOYMENT_TARGET = 15.2;
				MARKETING_VERSION = 1.0;
				PRODUCT_BUNDLE_IDENTIFIER = letsgooo.HowManyCitiesTests;
				PRODUCT_NAME = "$(TARGET_NAME)";
				SWIFT_EMIT_LOC_STRINGS = NO;
				SWIFT_VERSION = 5.0;
				TARGETED_DEVICE_FAMILY = "1,2";
				TEST_HOST = "$(BUILT_PRODUCTS_DIR)/HowManyCities.app/HowManyCities";
			};
			name = Debug;
		};
		6CAD801327F381E10057A41E /* Release */ = {
			isa = XCBuildConfiguration;
			baseConfigurationReference = E85F07588F08578EE9B17310 /* Pods-HowManyCitiesTests.release.xcconfig */;
			buildSettings = {
				ALWAYS_EMBED_SWIFT_STANDARD_LIBRARIES = YES;
				BUNDLE_LOADER = "$(TEST_HOST)";
				CODE_SIGN_STYLE = Automatic;
				CURRENT_PROJECT_VERSION = 1;
				DEVELOPMENT_TEAM = 2A23N78DMF;
				GENERATE_INFOPLIST_FILE = YES;
				IPHONEOS_DEPLOYMENT_TARGET = 15.2;
				MARKETING_VERSION = 1.0;
				PRODUCT_BUNDLE_IDENTIFIER = letsgooo.HowManyCitiesTests;
				PRODUCT_NAME = "$(TARGET_NAME)";
				SWIFT_EMIT_LOC_STRINGS = NO;
				SWIFT_VERSION = 5.0;
				TARGETED_DEVICE_FAMILY = "1,2";
				TEST_HOST = "$(BUILT_PRODUCTS_DIR)/HowManyCities.app/HowManyCities";
			};
			name = Release;
		};
		6CAD801527F381E10057A41E /* Debug */ = {
			isa = XCBuildConfiguration;
			baseConfigurationReference = 7B7517C4983F430E253E1CA8 /* Pods-HowManyCities-HowManyCitiesUITests.debug.xcconfig */;
			buildSettings = {
				ALWAYS_EMBED_SWIFT_STANDARD_LIBRARIES = YES;
				CODE_SIGN_STYLE = Automatic;
				CURRENT_PROJECT_VERSION = 1;
				DEVELOPMENT_TEAM = 2A23N78DMF;
				GENERATE_INFOPLIST_FILE = YES;
				MARKETING_VERSION = 1.0;
				PRODUCT_BUNDLE_IDENTIFIER = letsgooo.HowManyCitiesUITests;
				PRODUCT_NAME = "$(TARGET_NAME)";
				SWIFT_EMIT_LOC_STRINGS = NO;
				SWIFT_VERSION = 5.0;
				TARGETED_DEVICE_FAMILY = "1,2";
				TEST_TARGET_NAME = HowManyCities;
			};
			name = Debug;
		};
		6CAD801627F381E10057A41E /* Release */ = {
			isa = XCBuildConfiguration;
			baseConfigurationReference = 2183ADEDCFB2A585CA6B95B0 /* Pods-HowManyCities-HowManyCitiesUITests.release.xcconfig */;
			buildSettings = {
				ALWAYS_EMBED_SWIFT_STANDARD_LIBRARIES = YES;
				CODE_SIGN_STYLE = Automatic;
				CURRENT_PROJECT_VERSION = 1;
				DEVELOPMENT_TEAM = 2A23N78DMF;
				GENERATE_INFOPLIST_FILE = YES;
				MARKETING_VERSION = 1.0;
				PRODUCT_BUNDLE_IDENTIFIER = letsgooo.HowManyCitiesUITests;
				PRODUCT_NAME = "$(TARGET_NAME)";
				SWIFT_EMIT_LOC_STRINGS = NO;
				SWIFT_VERSION = 5.0;
				TARGETED_DEVICE_FAMILY = "1,2";
				TEST_TARGET_NAME = HowManyCities;
			};
			name = Release;
		};
/* End XCBuildConfiguration section */

/* Begin XCConfigurationList section */
		6CAD7FDF27F381DF0057A41E /* Build configuration list for PBXProject "HowManyCities" */ = {
			isa = XCConfigurationList;
			buildConfigurations = (
				6CAD800C27F381E10057A41E /* Debug */,
				6CAD800D27F381E10057A41E /* Release */,
			);
			defaultConfigurationIsVisible = 0;
			defaultConfigurationName = Release;
		};
		6CAD800E27F381E10057A41E /* Build configuration list for PBXNativeTarget "HowManyCities" */ = {
			isa = XCConfigurationList;
			buildConfigurations = (
				6CAD800F27F381E10057A41E /* Debug */,
				6CAD801027F381E10057A41E /* Release */,
			);
			defaultConfigurationIsVisible = 0;
			defaultConfigurationName = Release;
		};
		6CAD801127F381E10057A41E /* Build configuration list for PBXNativeTarget "HowManyCitiesTests" */ = {
			isa = XCConfigurationList;
			buildConfigurations = (
				6CAD801227F381E10057A41E /* Debug */,
				6CAD801327F381E10057A41E /* Release */,
			);
			defaultConfigurationIsVisible = 0;
			defaultConfigurationName = Release;
		};
		6CAD801427F381E10057A41E /* Build configuration list for PBXNativeTarget "HowManyCitiesUITests" */ = {
			isa = XCConfigurationList;
			buildConfigurations = (
				6CAD801527F381E10057A41E /* Debug */,
				6CAD801627F381E10057A41E /* Release */,
			);
			defaultConfigurationIsVisible = 0;
			defaultConfigurationName = Release;
		};
/* End XCConfigurationList section */

/* Begin XCRemoteSwiftPackageReference section */
		6C7C8D992817BFE60091E09F /* XCRemoteSwiftPackageReference "swift-collections" */ = {
			isa = XCRemoteSwiftPackageReference;
			repositoryURL = "https://github.com/apple/swift-collections.git";
			requirement = {
				kind = upToNextMajorVersion;
				minimumVersion = 1.0.0;
			};
		};
/* End XCRemoteSwiftPackageReference section */

/* Begin XCSwiftPackageProductDependency section */
		6C7C8D9A2817BFE60091E09F /* OrderedCollections */ = {
			isa = XCSwiftPackageProductDependency;
			package = 6C7C8D992817BFE60091E09F /* XCRemoteSwiftPackageReference "swift-collections" */;
			productName = OrderedCollections;
		};
/* End XCSwiftPackageProductDependency section */
	};
	rootObject = 6CAD7FDC27F381DF0057A41E /* Project object */;
}
